<?xml version="1.0" encoding="utf-8"?>
<Project ToolsVersion="4.0" xmlns="http://schemas.microsoft.com/developer/msbuild/2003">
  <ItemGroup>
    <Filter Include="Source Files">
      <UniqueIdentifier>{4FC737F1-C7A5-4376-A066-2A32D752A2FF}</UniqueIdentifier>
      <Extensions>cpp;c;cc;cxx;def;odl;idl;hpj;bat;asm;asmx</Extensions>
    </Filter>
    <Filter Include="Header Files">
      <UniqueIdentifier>{93995380-89BD-4b04-88EB-625FBE52EBFB}</UniqueIdentifier>
      <Extensions>h;hpp;hxx;hm;inl;inc;xsd</Extensions>
    </Filter>
    <Filter Include="Driver Files">
      <UniqueIdentifier>{8E41214B-6785-4CFE-B992-037D68949A14}</UniqueIdentifier>
      <Extensions>inf;inv;inx;mof;mc;</Extensions>
    </Filter>
    <Filter Include="VidPN">
      <UniqueIdentifier>{2e6cbb86-0553-4a4b-9c33-4f8ea813c852}</UniqueIdentifier>
    </Filter>
    <Filter Include="Utils">
      <UniqueIdentifier>{8c7e2fe0-6c3f-40af-8d6e-925f5cd47dee}</UniqueIdentifier>
    </Filter>
  </ItemGroup>
  <ItemGroup>
    <ClCompile Include="bdd.cpp">
      <Filter>Source Files</Filter>
    </ClCompile>
    <ClCompile Include="bdd_dmm.cpp">
      <Filter>Source Files</Filter>
    </ClCompile>
    <ClCompile Include="stdafx.cpp">
      <Filter>Source Files</Filter>
    </ClCompile>
    <ClCompile Include="VideoDriver.cpp">
      <Filter>Source Files</Filter>
    </ClCompile>
    <ClCompile Include="DdiPnpCallbacks.cpp">
      <Filter>Source Files</Filter>
    </ClCompile>
    <ClCompile Include="DdiDisplayCallbacks.cpp">
      <Filter>Source Files</Filter>
    </ClCompile>
    <ClCompile Include="Memory.cpp">
      <Filter>Source Files</Filter>
    </ClCompile>
    <ClCompile Include="BltFuncs.cpp">
      <Filter>Source Files</Filter>
    </ClCompile>
    <ClCompile Include="Mapping.cpp">
      <Filter>Source Files</Filter>
    </ClCompile>
    <ClCompile Include="TopologyWrapper.cpp">
      <Filter>Source Files</Filter>
    </ClCompile>
    <ClCompile Include="TopologyPathEnumerator.cpp">
      <Filter>Source Files</Filter>
    </ClCompile>
    <ClCompile Include="TopologyPathGuard.cpp">
      <Filter>Source Files</Filter>
    </ClCompile>
    <ClCompile Include="TopologyCreator.cpp">
      <Filter>Source Files</Filter>
    </ClCompile>
    <ClCompile Include="Topology.cpp">
      <Filter>Source Files</Filter>
    </ClCompile>
    <ClCompile Include="DxgkWrapper.cpp">
      <Filter>Source Files</Filter>
    </ClCompile>
    <ClCompile Include="ModeHolder.cpp">
      <Filter>Source Files</Filter>
    </ClCompile>
    <ClCompile Include="MonitorSet.cpp">
      <Filter>Source Files</Filter>
    </ClCompile>
    <ClCompile Include="MonitorModeSet.cpp">
      <Filter>Source Files</Filter>
    </ClCompile>
    <ClCompile Include="SourceModeSetCreator.cpp">
      <Filter>Source Files</Filter>
    </ClCompile>
    <ClCompile Include="TargetModeSetCreator.cpp">
      <Filter>Source Files</Filter>
    </ClCompile>
    <ClCompile Include="TargetModeSet.cpp">
      <Filter>Source Files</Filter>
    </ClCompile>
    <ClCompile Include="SourceModeSet.cpp">
      <Filter>Source Files</Filter>
    </ClCompile>
    <ClCompile Include="Conversions.cpp">
      <Filter>Source Files</Filter>
    </ClCompile>
    <ClCompile Include="HardwareDevice.cpp">
      <Filter>Source Files</Filter>
    </ClCompile>
    <ClCompile Include="GraphicMode.cpp">
      <Filter>Source Files</Filter>
    </ClCompile>
    <ClCompile Include="MappedMemory.cpp">
      <Filter>Source Files</Filter>
    </ClCompile>
    <ClCompile Include="RealGraphicMode.cpp">
      <Filter>Source Files</Filter>
    </ClCompile>
    <ClCompile Include="MdlGuard.cpp">
      <Filter>Utils</Filter>
    </ClCompile>
    <ClCompile Include="Bios.cpp">
      <Filter>Utils</Filter>
    </ClCompile>
  </ItemGroup>
  <ItemGroup>
    <ClInclude Include="bdd.hxx">
      <Filter>Header Files</Filter>
    </ClInclude>
    <ClInclude Include="stdafx.h">
      <Filter>Header Files</Filter>
    </ClInclude>
    <ClInclude Include="DdiPnpCallbacks.h">
      <Filter>Header Files</Filter>
    </ClInclude>
    <ClInclude Include="DdiDisplayCallbacks.h">
      <Filter>Header Files</Filter>
    </ClInclude>
    <ClInclude Include="Memory.h">
      <Filter>Header Files</Filter>
    </ClInclude>
    <ClInclude Include="BltFuncs.h">
      <Filter>Header Files</Filter>
    </ClInclude>
    <ClInclude Include="Mapping.h">
      <Filter>Header Files</Filter>
    </ClInclude>
    <ClInclude Include="TopologyWrapper.h">
      <Filter>Header Files</Filter>
    </ClInclude>
    <ClInclude Include="TopologyPathEnumerator.h">
      <Filter>Header Files</Filter>
    </ClInclude>
    <ClInclude Include="TopologyPathGuard.h">
      <Filter>Header Files</Filter>
    </ClInclude>
    <ClInclude Include="Topology.h">
      <Filter>Header Files</Filter>
    </ClInclude>
    <ClInclude Include="DxgkWrapper.h">
      <Filter>Header Files</Filter>
    </ClInclude>
    <ClInclude Include="ModeHolder.h">
      <Filter>Header Files</Filter>
    </ClInclude>
    <ClInclude Include="MonitorSet.h">
      <Filter>Header Files</Filter>
    </ClInclude>
    <ClInclude Include="SourceModeSetCreator.h">
      <Filter>Header Files</Filter>
    </ClInclude>
    <ClInclude Include="TargetModeSetCreator.h">
      <Filter>Header Files</Filter>
    </ClInclude>
    <ClInclude Include="BaseModeSet.h">
      <Filter>VidPN</Filter>
    </ClInclude>
    <ClInclude Include="BaseModeSetWrapper.h">
      <Filter>VidPN</Filter>
    </ClInclude>
    <ClInclude Include="BaseSetCreator.h">
      <Filter>VidPN</Filter>
    </ClInclude>
    <ClInclude Include="ModeSetGuard.h">
      <Filter>VidPN</Filter>
    </ClInclude>
    <ClInclude Include="ModeSet.h">
      <Filter>VidPN</Filter>
    </ClInclude>
    <ClInclude Include="ModeGuard.h">
      <Filter>VidPN</Filter>
    </ClInclude>
    <ClInclude Include="SourceModeSet.h">
      <Filter>Header Files</Filter>
    </ClInclude>
    <ClInclude Include="TargetModeSet.h">
      <Filter>Header Files</Filter>
    </ClInclude>
    <ClInclude Include="Conversions.h">
      <Filter>Header Files</Filter>
    </ClInclude>
    <ClInclude Include="HardwareDevice.h">
      <Filter>Header Files</Filter>
    </ClInclude>
    <ClInclude Include="MappedMemory.h">
      <Filter>Header Files</Filter>
    </ClInclude>
    <ClInclude Include="HandleGuard.h">
      <Filter>Header Files</Filter>
    </ClInclude>
    <ClInclude Include="RealGraphicMode.h">
      <Filter>Header Files</Filter>
    </ClInclude>
    <ClInclude Include="ISourceMode.h">
      <Filter>Header Files</Filter>
    </ClInclude>
    <ClInclude Include="Mode.h">
      <Filter>Header Files</Filter>
    </ClInclude>
    <ClInclude Include="DefResolutions.h">
      <Filter>Header Files</Filter>
    </ClInclude>
    <ClInclude Include="GraphicMode.h">
      <Filter>Header Files</Filter>
    </ClInclude>
    <ClInclude Include="VESAGraphicsModefunction.h">
      <Filter>Header Files</Filter>
    </ClInclude>
    <ClInclude Include="MdlGuard.h">
      <Filter>Utils</Filter>
    </ClInclude>
    <ClInclude Include="Bios.h">
      <Filter>Utils</Filter>
    </ClInclude>
  </ItemGroup>
  <ItemGroup>
    <Inf Include="SimpleDisplayOnlyDriver.inf">
      <Filter>Driver Files</Filter>
    </Inf>
  </ItemGroup>
</Project>